// !$*UTF8*$!
{
	archiveVersion = 1;
	classes = {
	};
	objectVersion = 56;
	objects = {

/* Begin PBXBuildFile section */
		0D4AA428EA8534427E47E0A4 /* ErrorStateView.swift in Sources */ = {isa = PBXBuildFile; fileRef = 85F86AF224BC9C5F8092FA66 /* ErrorStateView.swift */; };
		1BFA809CC44BE463C8EE015E /* BriefingErrorView.swift in Sources */ = {isa = PBXBuildFile; fileRef = 423FD0BF4E7153D9668DEBF0 /* BriefingErrorView.swift */; };
		3F6FEC2E65217568C2ECDC80 /* BulletinResult.swift in Sources */ = {isa = PBXBuildFile; fileRef = CE95946FB918EF84D276AE81 /* BulletinResult.swift */; };
		4234248EDFE0F21ED601ED32 /* BriefingLoadingView.swift in Sources */ = {isa = PBXBuildFile; fileRef = 0FDB92AB662110703F529823 /* BriefingLoadingView.swift */; };
		59739BCE2FC3AE59CA035A2B /* LoadingStateView.swift in Sources */ = {isa = PBXBuildFile; fileRef = 330BD721715FAACE354BA709 /* LoadingStateView.swift */; };
		B2FF84569D170740B31174B5 /* SplitFlapLoadingView.swift in Sources */ = {isa = PBXBuildFile; fileRef = E636183C39C5575969AF34C4 /* SplitFlapLoadingView.swift */; };
		F37986372975A33AE9DC782A /* BoardFont.swift in Sources */ = {isa = PBXBuildFile; fileRef = 098AB789F6EC577EAC5BB514 /* BoardFont.swift */; };
		20A26E854E05EEF80D830F4B /* Board.swift in Sources */ = {isa = PBXBuildFile; fileRef = A505F4BA0B8230EE734B26BC /* Board.swift */; };
		AA01F4BA0B8230EE734B0001 /* MachinedDisc.swift in Sources */ = {isa = PBXBuildFile; fileRef = AA02F4BA0B8230EE734B0002 /* MachinedDisc.swift */; };
		AA03F4BA0B8230EE734B0003 /* BottomActionBar.swift in Sources */ = {isa = PBXBuildFile; fileRef = AA04F4BA0B8230EE734B0004 /* BottomActionBar.swift */; };
		AA05F4BA0B8230EE734B0005 /* LightFilterTree.swift in Sources */ = {isa = PBXBuildFile; fileRef = AA06F4BA0B8230EE734B0006 /* LightFilterTree.swift */; };
		AA07F4BA0B8230EE734B0007 /* FiltersScreen.swift in Sources */ = {isa = PBXBuildFile; fileRef = AA08F4BA0B8230EE734B0008 /* FiltersScreen.swift */; };
		E2156BEA44786FE09A635CD3 /* HomeView.swift in Sources */ = {isa = PBXBuildFile; fileRef = B9F75B224600A1119656D690 /* HomeView.swift */; };
		C1A2B3C4D5E6F70819203150 /* NowPlayingView.swift in Sources */ = {isa = PBXBuildFile; fileRef = C1A2B3C4D5E6F70819203151 /* NowPlayingView.swift */; };
		C1A2B3C4D5E6F70819203160 /* HomeContainerView.swift in Sources */ = {isa = PBXBuildFile; fileRef = C1A2B3C4D5E6F70819203161 /* HomeContainerView.swift */; };
		A1B2C3D4E5F60718293A4B01 /* TopicNode.swift in Sources */ = {isa = PBXBuildFile; fileRef = A1B2C3D4E5F60718293A4C01 /* TopicNode.swift */; };
		A1B2C3D4E5F60718293A4B02 /* TopicSeed.swift in Sources */ = {isa = PBXBuildFile; fileRef = A1B2C3D4E5F60718293A4C02 /* TopicSeed.swift */; };
		A1B2C3D4E5F60718293A4B03 /* FilterTreeView.swift in Sources */ = {isa = PBXBuildFile; fileRef = A1B2C3D4E5F60718293A4C03 /* FilterTreeView.swift */; };
		A1B2C3D4E5F60718293A4B04 /* CreateProfileView.swift in Sources */ = {isa = PBXBuildFile; fileRef = A1B2C3D4E5F60718293A4C04 /* CreateProfileView.swift */; };
		A1B2C3D4E5F60718293A4B05 /* BuildBriefingView.swift in Sources */ = {isa = PBXBuildFile; fileRef = A1B2C3D4E5F60718293A4C05 /* BuildBriefingView.swift */; };
		A1B2C3D4E5F60718293A4B06 /* TimeOfDay.swift in Sources */ = {isa = PBXBuildFile; fileRef = A1B2C3D4E5F60718293A4C06 /* TimeOfDay.swift */; };
		B173B5A4FEEADBAC3E744F93 /* DejaVuSans-Bold.ttf in Resources */ = {isa = PBXBuildFile; fileRef = B931D6025F630EF803EEC38D /* DejaVuSans-Bold.ttf */; };
		C1A2B3C4D5E6F70819203140 /* Newsreader.ttf in Resources */ = {isa = PBXBuildFile; fileRef = C1A2B3C4D5E6F70819203141 /* Newsreader.ttf */; };
		B1C3D5E7F9A2340678B12345 /* PlayingBarsView.swift in Sources */ = {isa = PBXBuildFile; fileRef = A2B4C6D8E0F1234567890ABC /* PlayingBarsView.swift */; };
		C2D4E6F8A0B2345678901BCD /* MarqueeText.swift in Sources */ = {isa = PBXBuildFile; fileRef = B3C5D7E9F1A2345678902CDE /* MarqueeText.swift */; };
		777920B5912DC74BFF767241 /* PlayerView.swift in Sources */ = {isa = PBXBuildFile; fileRef = 6225167F74C6415ACE7063D9 /* PlayerView.swift */; };
		7F667102413085BEE81B496E /* ProfileListView.swift in Sources */ = {isa = PBXBuildFile; fileRef = 2120BBFBCDA82442B6B99B50 /* ProfileListView.swift */; };
		8A1F80F61D9C0534298CC348 /* PrimaryButton.swift in Sources */ = {isa = PBXBuildFile; fileRef = 415280BA40C80904084CFD18 /* PrimaryButton.swift */; };
		94A454325C62D028C3C91D54 /* Profile.swift in Sources */ = {isa = PBXBuildFile; fileRef = B9D22606DB2EA11E67736F16 /* Profile.swift */; };
		9777CBF22F2E6A9600F52583 /* HeadlinesApp.swift in Sources */ = {isa = PBXBuildFile; fileRef = 9777CBF12F2E6A9600F52583 /* HeadlinesApp.swift */; };
		9777CBF62F2E6A9800F52583 /* Assets.xcassets in Resources */ = {isa = PBXBuildFile; fileRef = 9777CBF52F2E6A9800F52583 /* Assets.xcassets */; };
		9777CBF92F2E6A9800F52583 /* Preview Assets.xcassets in Resources */ = {isa = PBXBuildFile; fileRef = 9777CBF82F2E6A9800F52583 /* Preview Assets.xcassets */; };
		9777CC032F2E6A9900F52583 /* HeadlinesTests.swift in Sources */ = {isa = PBXBuildFile; fileRef = 9777CC022F2E6A9900F52583 /* HeadlinesTests.swift */; };
		9777CC0D2F2E6A9900F52583 /* HeadlinesUITests.swift in Sources */ = {isa = PBXBuildFile; fileRef = 9777CC0C2F2E6A9900F52583 /* HeadlinesUITests.swift */; };
		9777CC0F2F2E6A9900F52583 /* HeadlinesUITestsLaunchTests.swift in Sources */ = {isa = PBXBuildFile; fileRef = 9777CC0E2F2E6A9900F52583 /* HeadlinesUITestsLaunchTests.swift */; };
		9777CC1F2F2E6E1A00F52583 /* FeedsService.swift in Sources */ = {isa = PBXBuildFile; fileRef = 9777CC1E2F2E6E1A00F52583 /* FeedsService.swift */; };
		9777CC212F2E6EEC00F52583 /* MockFeedsService.swift in Sources */ = {isa = PBXBuildFile; fileRef = 9777CC202F2E6EEC00F52583 /* MockFeedsService.swift */; };
		9777CC232F2E700C00F52583 /* Feed.swift in Sources */ = {isa = PBXBuildFile; fileRef = 9777CC222F2E700C00F52583 /* Feed.swift */; };
		9777CC252F2E7BEB00F52583 /* APIClient.swift in Sources */ = {isa = PBXBuildFile; fileRef = 9777CC242F2E7BEB00F52583 /* APIClient.swift */; };
		9777CC282F2E7F3600F52583 /* FeedsLatestResponseDTO.swift in Sources */ = {isa = PBXBuildFile; fileRef = 9777CC272F2E7F3600F52583 /* FeedsLatestResponseDTO.swift */; };
		9777CC2A2F2E80B700F52583 /* FeedsServicing.swift in Sources */ = {isa = PBXBuildFile; fileRef = 9777CC292F2E80B700F52583 /* FeedsServicing.swift */; };
		9777CC2D2F2E8D4100F52583 /* AppConfig.swift in Sources */ = {isa = PBXBuildFile; fileRef = 9777CC2C2F2E8D4100F52583 /* AppConfig.swift */; };
		9777CC302F2E8E5500F52583 /* FeedItem.swift in Sources */ = {isa = PBXBuildFile; fileRef = 9777CC2F2F2E8E5500F52583 /* FeedItem.swift */; };
		9777CC3F2F2EC18900F52583 /* FeedsViewModel.swift in Sources */ = {isa = PBXBuildFile; fileRef = 9777CC3E2F2EC18900F52583 /* FeedsViewModel.swift */; };
		9777CC442F2F7AB400F52583 /* PlaybackViewModel.swift in Sources */ = {isa = PBXBuildFile; fileRef = 9777CC432F2F7AB400F52583 /* PlaybackViewModel.swift */; };
		9777CC482F2F7C3200F52583 /* PlaybackView.swift in Sources */ = {isa = PBXBuildFile; fileRef = 9777CC472F2F7C3200F52583 /* PlaybackView.swift */; };
		9777CC4D2F2F8E0400F52583 /* AudioOutputsService.swift in Sources */ = {isa = PBXBuildFile; fileRef = 9777CC4C2F2F8E0400F52583 /* AudioOutputsService.swift */; };
		A8B3C1D2E4F5061728394A5B /* VoiceOption.swift in Sources */ = {isa = PBXBuildFile; fileRef = B8C3D2E1F4A5B6071829305C /* VoiceOption.swift */; };
		AA11BB22CC33DD44EE55FF66 /* BulletinPlayer.swift in Sources */ = {isa = PBXBuildFile; fileRef = AA11BB22CC33DD44EE55FF67 /* BulletinPlayer.swift */; };
		AE2E715F48E42C369922C648 /* BriefingViewModel.swift in Sources */ = {isa = PBXBuildFile; fileRef = A0672F13BA0CE4B03CFAB1D8 /* BriefingViewModel.swift */; };
		BB22CC33DD44EE55FF66AA11 /* BulletinManifest.swift in Sources */ = {isa = PBXBuildFile; fileRef = BB22CC33DD44EE55FF66AA12 /* BulletinManifest.swift */; };
		C172F315C8977BF73140FB76 /* ProfileServicing.swift in Sources */ = {isa = PBXBuildFile; fileRef = 4AB2E6C5C74C07EEAA7C9B12 /* ProfileServicing.swift */; };
		C9D4E5F6A7B8091234567890 /* CategoryLoader.swift in Sources */ = {isa = PBXBuildFile; fileRef = D9E4F5A6B7C8091234567890 /* CategoryLoader.swift */; };
		D664AA2EC9C9708CFA34072E /* AudioPlayer.swift in Sources */ = {isa = PBXBuildFile; fileRef = A4428BD13D82D26897D1ECC5 /* AudioPlayer.swift */; };
		E1C42EFE90926D5825C92781 /* ProfileDTO.swift in Sources */ = {isa = PBXBuildFile; fileRef = E957CB9B0BAB68D573BFB67E /* ProfileDTO.swift */; };
		EBE4299527AD34AA5009B80B /* BulletinService.swift in Sources */ = {isa = PBXBuildFile; fileRef = 480DECAC186ED4EDA4649016 /* BulletinService.swift */; };
		ED8BD73EEDBFF5A80F34328D /* SettingsView.swift in Sources */ = {isa = PBXBuildFile; fileRef = 2D06F727ED8CA225F7B46238 /* SettingsView.swift */; };
		EFAC78563EFA8F41048D98E3 /* ProfileService.swift in Sources */ = {isa = PBXBuildFile; fileRef = 05FCB9DFB0DA60BDAF6493CE /* ProfileService.swift */; };
/* End PBXBuildFile section */

/* Begin PBXContainerItemProxy section */
		9777CBFF2F2E6A9900F52583 /* PBXContainerItemProxy */ = {
			isa = PBXContainerItemProxy;
			containerPortal = 9777CBE62F2E6A9600F52583 /* Project object */;
			proxyType = 1;
			remoteGlobalIDString = 9777CBED2F2E6A9600F52583;
			remoteInfo = Headlines;
		};
		9777CC092F2E6A9900F52583 /* PBXContainerItemProxy */ = {
			isa = PBXContainerItemProxy;
			containerPortal = 9777CBE62F2E6A9600F52583 /* Project object */;
			proxyType = 1;
			remoteGlobalIDString = 9777CBED2F2E6A9600F52583;
			remoteInfo = Headlines;
		};
/* End PBXContainerItemProxy section */

/* Begin PBXFileReference section */
		05FCB9DFB0DA60BDAF6493CE /* ProfileService.swift */ = {isa = PBXFileReference; includeInIndex = 1; lastKnownFileType = sourcecode.swift; name = ProfileService.swift; path = Profiles/ProfileService.swift; sourceTree = "<group>"; };
		0FDB92AB662110703F529823 /* BriefingLoadingView.swift */ = {isa = PBXFileReference; includeInIndex = 1; lastKnownFileType = sourcecode.swift; name = BriefingLoadingView.swift; path = Headlines/Features/Briefing/BriefingLoadingView.swift; sourceTree = "<group>"; };
		2120BBFBCDA82442B6B99B50 /* ProfileListView.swift */ = {isa = PBXFileReference; includeInIndex = 1; lastKnownFileType = sourcecode.swift; name = ProfileListView.swift; path = Headlines/Features/Profiles/ProfileListView.swift; sourceTree = "<group>"; };
		2D06F727ED8CA225F7B46238 /* SettingsView.swift */ = {isa = PBXFileReference; includeInIndex = 1; lastKnownFileType = sourcecode.swift; name = SettingsView.swift; path = Headlines/Features/Settings/SettingsView.swift; sourceTree = "<group>"; };
		330BD721715FAACE354BA709 /* LoadingStateView.swift */ = {isa = PBXFileReference; includeInIndex = 1; lastKnownFileType = sourcecode.swift; name = LoadingStateView.swift; path = Headlines/Shared/Components/LoadingStateView.swift; sourceTree = "<group>"; };
		415280BA40C80904084CFD18 /* PrimaryButton.swift */ = {isa = PBXFileReference; includeInIndex = 1; lastKnownFileType = sourcecode.swift; name = PrimaryButton.swift; path = Headlines/Shared/Components/PrimaryButton.swift; sourceTree = "<group>"; };
		423FD0BF4E7153D9668DEBF0 /* BriefingErrorView.swift */ = {isa = PBXFileReference; includeInIndex = 1; lastKnownFileType = sourcecode.swift; name = BriefingErrorView.swift; path = Headlines/Features/Briefing/BriefingErrorView.swift; sourceTree = "<group>"; };
		480DECAC186ED4EDA4649016 /* BulletinService.swift */ = {isa = PBXFileReference; includeInIndex = 1; lastKnownFileType = sourcecode.swift; name = BulletinService.swift; path = Headlines/Services/BulletinService.swift; sourceTree = "<group>"; };
		4AB2E6C5C74C07EEAA7C9B12 /* ProfileServicing.swift */ = {isa = PBXFileReference; includeInIndex = 1; lastKnownFileType = sourcecode.swift; name = ProfileServicing.swift; path = Profiles/ProfileServicing.swift; sourceTree = "<group>"; };
		6225167F74C6415ACE7063D9 /* PlayerView.swift */ = {isa = PBXFileReference; includeInIndex = 1; lastKnownFileType = sourcecode.swift; name = PlayerView.swift; path = Headlines/Features/Briefing/PlayerView.swift; sourceTree = "<group>"; };
		E636183C39C5575969AF34C4 /* SplitFlapLoadingView.swift */ = {isa = PBXFileReference; includeInIndex = 1; lastKnownFileType = sourcecode.swift; name = SplitFlapLoadingView.swift; path = Headlines/Features/Loading/SplitFlapLoadingView.swift; sourceTree = SOURCE_ROOT; };
		098AB789F6EC577EAC5BB514 /* BoardFont.swift */ = {isa = PBXFileReference; includeInIndex = 1; lastKnownFileType = sourcecode.swift; name = BoardFont.swift; path = Headlines/Shared/Theme/BoardFont.swift; sourceTree = SOURCE_ROOT; };
		A505F4BA0B8230EE734B26BC /* Board.swift */ = {isa = PBXFileReference; includeInIndex = 1; lastKnownFileType = sourcecode.swift; name = Board.swift; path = Headlines/Shared/Theme/Board.swift; sourceTree = SOURCE_ROOT; };
		AA02F4BA0B8230EE734B0002 /* MachinedDisc.swift */ = {isa = PBXFileReference; includeInIndex = 1; lastKnownFileType = sourcecode.swift; name = MachinedDisc.swift; path = Headlines/Shared/Theme/MachinedDisc.swift; sourceTree = SOURCE_ROOT; };
		AA04F4BA0B8230EE734B0004 /* BottomActionBar.swift */ = {isa = PBXFileReference; includeInIndex = 1; lastKnownFileType = sourcecode.swift; name = BottomActionBar.swift; path = Headlines/Shared/Components/BottomActionBar.swift; sourceTree = SOURCE_ROOT; };
		AA06F4BA0B8230EE734B0006 /* LightFilterTree.swift */ = {isa = PBXFileReference; includeInIndex = 1; lastKnownFileType = sourcecode.swift; name = LightFilterTree.swift; path = Headlines/Features/Filters/LightFilterTree.swift; sourceTree = SOURCE_ROOT; };
		AA08F4BA0B8230EE734B0008 /* FiltersScreen.swift */ = {isa = PBXFileReference; includeInIndex = 1; lastKnownFileType = sourcecode.swift; name = FiltersScreen.swift; path = Headlines/Features/Filters/FiltersScreen.swift; sourceTree = SOURCE_ROOT; };
		B9F75B224600A1119656D690 /* HomeView.swift */ = {isa = PBXFileReference; includeInIndex = 1; lastKnownFileType = sourcecode.swift; name = HomeView.swift; path = Headlines/Features/Home/HomeView.swift; sourceTree = SOURCE_ROOT; };
		C1A2B3C4D5E6F70819203151 /* NowPlayingView.swift */ = {isa = PBXFileReference; includeInIndex = 1; lastKnownFileType = sourcecode.swift; name = NowPlayingView.swift; path = Headlines/Features/Playback/NowPlayingView.swift; sourceTree = SOURCE_ROOT; };
		C1A2B3C4D5E6F70819203161 /* HomeContainerView.swift */ = {isa = PBXFileReference; includeInIndex = 1; lastKnownFileType = sourcecode.swift; name = HomeContainerView.swift; path = Headlines/Features/Home/HomeContainerView.swift; sourceTree = SOURCE_ROOT; };
		A1B2C3D4E5F60718293A4C01 /* TopicNode.swift */ = {isa = PBXFileReference; includeInIndex = 1; lastKnownFileType = sourcecode.swift; name = TopicNode.swift; path = Headlines/Features/Filters/TopicNode.swift; sourceTree = SOURCE_ROOT; };
		A1B2C3D4E5F60718293A4C02 /* TopicSeed.swift */ = {isa = PBXFileReference; includeInIndex = 1; lastKnownFileType = sourcecode.swift; name = TopicSeed.swift; path = Headlines/Features/Filters/TopicSeed.swift; sourceTree = SOURCE_ROOT; };
		A1B2C3D4E5F60718293A4C03 /* FilterTreeView.swift */ = {isa = PBXFileReference; includeInIndex = 1; lastKnownFileType = sourcecode.swift; name = FilterTreeView.swift; path = Headlines/Features/Filters/FilterTreeView.swift; sourceTree = SOURCE_ROOT; };
		A1B2C3D4E5F60718293A4C04 /* CreateProfileView.swift */ = {isa = PBXFileReference; includeInIndex = 1; lastKnownFileType = sourcecode.swift; name = CreateProfileView.swift; path = Headlines/Features/Onboarding/CreateProfileView.swift; sourceTree = SOURCE_ROOT; };
		A1B2C3D4E5F60718293A4C05 /* BuildBriefingView.swift */ = {isa = PBXFileReference; includeInIndex = 1; lastKnownFileType = sourcecode.swift; name = BuildBriefingView.swift; path = Headlines/Features/Onboarding/BuildBriefingView.swift; sourceTree = SOURCE_ROOT; };
		A1B2C3D4E5F60718293A4C06 /* TimeOfDay.swift */ = {isa = PBXFileReference; includeInIndex = 1; lastKnownFileType = sourcecode.swift; name = TimeOfDay.swift; path = Headlines/Shared/TimeOfDay.swift; sourceTree = SOURCE_ROOT; };
		B931D6025F630EF803EEC38D /* DejaVuSans-Bold.ttf */ = {isa = PBXFileReference; includeInIndex = 1; lastKnownFileType = file; name = "DejaVuSans-Bold.ttf"; path = "Resources/Fonts/DejaVuSans-Bold.ttf"; sourceTree = SOURCE_ROOT; };
		C1A2B3C4D5E6F70819203141 /* Newsreader.ttf */ = {isa = PBXFileReference; includeInIndex = 1; lastKnownFileType = file; name = "Newsreader.ttf"; path = "Resources/Fonts/Newsreader.ttf"; sourceTree = SOURCE_ROOT; };
		A2B4C6D8E0F1234567890ABC /* PlayingBarsView.swift */ = {isa = PBXFileReference; includeInIndex = 1; lastKnownFileType = sourcecode.swift; name = PlayingBarsView.swift; path = Briefing/PlayingBarsView.swift; sourceTree = "<group>"; };
		B3C5D7E9F1A2345678902CDE /* MarqueeText.swift */ = {isa = PBXFileReference; includeInIndex = 1; lastKnownFileType = sourcecode.swift; name = MarqueeText.swift; path = Briefing/MarqueeText.swift; sourceTree = "<group>"; };
		85F86AF224BC9C5F8092FA66 /* ErrorStateView.swift */ = {isa = PBXFileReference; includeInIndex = 1; lastKnownFileType = sourcecode.swift; name = ErrorStateView.swift; path = Headlines/Shared/Components/ErrorStateView.swift; sourceTree = "<group>"; };
		9777CBEE2F2E6A9600F52583 /* Headlines.app */ = {isa = PBXFileReference; explicitFileType = wrapper.application; includeInIndex = 0; path = Headlines.app; sourceTree = BUILT_PRODUCTS_DIR; };
		9777CBF12F2E6A9600F52583 /* HeadlinesApp.swift */ = {isa = PBXFileReference; lastKnownFileType = sourcecode.swift; path = HeadlinesApp.swift; sourceTree = "<group>"; };
		9777CBF52F2E6A9800F52583 /* Assets.xcassets */ = {isa = PBXFileReference; lastKnownFileType = folder.assetcatalog; path = Assets.xcassets; sourceTree = "<group>"; };
		9777CBF82F2E6A9800F52583 /* Preview Assets.xcassets */ = {isa = PBXFileReference; lastKnownFileType = folder.assetcatalog; path = "Preview Assets.xcassets"; sourceTree = "<group>"; };
		9777CBFE2F2E6A9900F52583 /* HeadlinesTests.xctest */ = {isa = PBXFileReference; explicitFileType = wrapper.cfbundle; includeInIndex = 0; path = HeadlinesTests.xctest; sourceTree = BUILT_PRODUCTS_DIR; };
		9777CC022F2E6A9900F52583 /* HeadlinesTests.swift */ = {isa = PBXFileReference; lastKnownFileType = sourcecode.swift; path = HeadlinesTests.swift; sourceTree = "<group>"; };
		9777CC082F2E6A9900F52583 /* HeadlinesUITests.xctest */ = {isa = PBXFileReference; explicitFileType = wrapper.cfbundle; includeInIndex = 0; path = HeadlinesUITests.xctest; sourceTree = BUILT_PRODUCTS_DIR; };
		9777CC0C2F2E6A9900F52583 /* HeadlinesUITests.swift */ = {isa = PBXFileReference; lastKnownFileType = sourcecode.swift; path = HeadlinesUITests.swift; sourceTree = "<group>"; };
		9777CC0E2F2E6A9900F52583 /* HeadlinesUITestsLaunchTests.swift */ = {isa = PBXFileReference; lastKnownFileType = sourcecode.swift; path = HeadlinesUITestsLaunchTests.swift; sourceTree = "<group>"; };
		9777CC1E2F2E6E1A00F52583 /* FeedsService.swift */ = {isa = PBXFileReference; lastKnownFileType = sourcecode.swift; path = FeedsService.swift; sourceTree = "<group>"; };
		9777CC202F2E6EEC00F52583 /* MockFeedsService.swift */ = {isa = PBXFileReference; lastKnownFileType = sourcecode.swift; path = MockFeedsService.swift; sourceTree = "<group>"; };
		9777CC222F2E700C00F52583 /* Feed.swift */ = {isa = PBXFileReference; lastKnownFileType = sourcecode.swift; path = Feed.swift; sourceTree = "<group>"; };
		9777CC242F2E7BEB00F52583 /* APIClient.swift */ = {isa = PBXFileReference; lastKnownFileType = sourcecode.swift; path = APIClient.swift; sourceTree = "<group>"; };
		9777CC272F2E7F3600F52583 /* FeedsLatestResponseDTO.swift */ = {isa = PBXFileReference; lastKnownFileType = sourcecode.swift; path = FeedsLatestResponseDTO.swift; sourceTree = "<group>"; };
		9777CC292F2E80B700F52583 /* FeedsServicing.swift */ = {isa = PBXFileReference; lastKnownFileType = sourcecode.swift; path = FeedsServicing.swift; sourceTree = "<group>"; };
		9777CC2C2F2E8D4100F52583 /* AppConfig.swift */ = {isa = PBXFileReference; lastKnownFileType = sourcecode.swift; path = AppConfig.swift; sourceTree = "<group>"; };
		9777CC2F2F2E8E5500F52583 /* FeedItem.swift */ = {isa = PBXFileReference; lastKnownFileType = sourcecode.swift; path = FeedItem.swift; sourceTree = "<group>"; };
		9777CC3E2F2EC18900F52583 /* FeedsViewModel.swift */ = {isa = PBXFileReference; lastKnownFileType = sourcecode.swift; path = FeedsViewModel.swift; sourceTree = "<group>"; };
		9777CC432F2F7AB400F52583 /* PlaybackViewModel.swift */ = {isa = PBXFileReference; lastKnownFileType = sourcecode.swift; path = PlaybackViewModel.swift; sourceTree = "<group>"; };
		9777CC472F2F7C3200F52583 /* PlaybackView.swift */ = {isa = PBXFileReference; lastKnownFileType = sourcecode.swift; path = PlaybackView.swift; sourceTree = "<group>"; };
		9777CC4C2F2F8E0400F52583 /* AudioOutputsService.swift */ = {isa = PBXFileReference; lastKnownFileType = sourcecode.swift; path = AudioOutputsService.swift; sourceTree = "<group>"; };
		A0672F13BA0CE4B03CFAB1D8 /* BriefingViewModel.swift */ = {isa = PBXFileReference; includeInIndex = 1; lastKnownFileType = sourcecode.swift; name = BriefingViewModel.swift; path = Briefing/BriefingViewModel.swift; sourceTree = "<group>"; };
		A4428BD13D82D26897D1ECC5 /* AudioPlayer.swift */ = {isa = PBXFileReference; includeInIndex = 1; lastKnownFileType = sourcecode.swift; name = AudioPlayer.swift; path = Headlines/Core/AudioPlayer.swift; sourceTree = "<group>"; };
		AA11BB22CC33DD44EE55FF67 /* BulletinPlayer.swift */ = {isa = PBXFileReference; includeInIndex = 1; lastKnownFileType = sourcecode.swift; path = BulletinPlayer.swift; sourceTree = "<group>"; };
		B8C3D2E1F4A5B6071829305C /* VoiceOption.swift */ = {isa = PBXFileReference; includeInIndex = 1; lastKnownFileType = sourcecode.swift; path = VoiceOption.swift; sourceTree = "<group>"; };
		B9D22606DB2EA11E67736F16 /* Profile.swift */ = {isa = PBXFileReference; includeInIndex = 1; lastKnownFileType = sourcecode.swift; path = Profile.swift; sourceTree = "<group>"; };
		BB22CC33DD44EE55FF66AA12 /* BulletinManifest.swift */ = {isa = PBXFileReference; includeInIndex = 1; lastKnownFileType = sourcecode.swift; path = BulletinManifest.swift; sourceTree = "<group>"; };
		CE95946FB918EF84D276AE81 /* BulletinResult.swift */ = {isa = PBXFileReference; includeInIndex = 1; lastKnownFileType = sourcecode.swift; path = BulletinResult.swift; sourceTree = "<group>"; };
		D9E4F5A6B7C8091234567890 /* CategoryLoader.swift */ = {isa = PBXFileReference; includeInIndex = 1; lastKnownFileType = sourcecode.swift; path = CategoryLoader.swift; sourceTree = "<group>"; };
		E957CB9B0BAB68D573BFB67E /* ProfileDTO.swift */ = {isa = PBXFileReference; includeInIndex = 1; lastKnownFileType = sourcecode.swift; name = ProfileDTO.swift; path = Profiles/ProfileDTO.swift; sourceTree = "<group>"; };
/* End PBXFileReference section */

/* Begin PBXFrameworksBuildPhase section */
		9777CBEB2F2E6A9600F52583 /* Frameworks */ = {
			isa = PBXFrameworksBuildPhase;
			buildActionMask = 2147483647;
			files = (
			);
			runOnlyForDeploymentPostprocessing = 0;
		};
		9777CBFB2F2E6A9900F52583 /* Frameworks */ = {
			isa = PBXFrameworksBuildPhase;
			buildActionMask = 2147483647;
			files = (
			);
			runOnlyForDeploymentPostprocessing = 0;
		};
		9777CC052F2E6A9900F52583 /* Frameworks */ = {
			isa = PBXFrameworksBuildPhase;
			buildActionMask = 2147483647;
			files = (
			);
			runOnlyForDeploymentPostprocessing = 0;
		};
/* End PBXFrameworksBuildPhase section */

/* Begin PBXGroup section */
		1008DB91DB91DDE7073F539B /* Core */ = {
			isa = PBXGroup;
			children = (
				A4428BD13D82D26897D1ECC5 /* AudioPlayer.swift */,
			);
			name = Core;
			sourceTree = "<group>";
		};
		2CC671034279F7D6ACC30F15 /* Settings */ = {
			isa = PBXGroup;
			children = (
				2D06F727ED8CA225F7B46238 /* SettingsView.swift */,
			);
			name = Settings;
			sourceTree = "<group>";
		};
		44AEE92B22B407F22112386B /* Profiles */ = {
			isa = PBXGroup;
			children = (
				E957CB9B0BAB68D573BFB67E /* ProfileDTO.swift */,
				4AB2E6C5C74C07EEAA7C9B12 /* ProfileServicing.swift */,
				05FCB9DFB0DA60BDAF6493CE /* ProfileService.swift */,
			);
			name = Profiles;
			sourceTree = "<group>";
		};
		523CFDEA8CB325F6FFA46CE7 /* Briefing */ = {
			isa = PBXGroup;
			children = (
				6225167F74C6415ACE7063D9 /* PlayerView.swift */,
				0FDB92AB662110703F529823 /* BriefingLoadingView.swift */,
				423FD0BF4E7153D9668DEBF0 /* BriefingErrorView.swift */,
			);
			name = Briefing;
			sourceTree = "<group>";
		};
		56DD38104ECC7600C32569B4 /* Services */ = {
			isa = PBXGroup;
			children = (
				480DECAC186ED4EDA4649016 /* BulletinService.swift */,
			);
			name = Services;
			sourceTree = "<group>";
		};
		673177C527A5608093931238 /* Features */ = {
			isa = PBXGroup;
			children = (
			B9F75B224600A1119656D690 /* HomeView.swift */,
				C1A2B3C4D5E6F70819203161 /* HomeContainerView.swift */,
				C1A2B3C4D5E6F70819203151 /* NowPlayingView.swift */,
				A1B2C3D4E5F60718293A4C04 /* CreateProfileView.swift */,
				A1B2C3D4E5F60718293A4C05 /* BuildBriefingView.swift */,
				A1B2C3D4E5F60718293A4C01 /* TopicNode.swift */,
				A1B2C3D4E5F60718293A4C02 /* TopicSeed.swift */,
				A1B2C3D4E5F60718293A4C03 /* FilterTreeView.swift */,
				AA06F4BA0B8230EE734B0006 /* LightFilterTree.swift */,
				AA08F4BA0B8230EE734B0008 /* FiltersScreen.swift */,
				BF78D323B20DFDCFE0B009B0 /* Profiles */,
				523CFDEA8CB325F6FFA46CE7 /* Briefing */,
				2CC671034279F7D6ACC30F15 /* Settings */,
				E636183C39C5575969AF34C4 /* SplitFlapLoadingView.swift */,
			);
			name = Features;
			sourceTree = "<group>";
		};
		78904A337E0FF1E20AC03410 /* Shared */ = {
			isa = PBXGroup;
			children = (
			098AB789F6EC577EAC5BB514 /* BoardFont.swift */,
			A505F4BA0B8230EE734B26BC /* Board.swift */,
			AA02F4BA0B8230EE734B0002 /* MachinedDisc.swift */,
				A1B2C3D4E5F60718293A4C06 /* TimeOfDay.swift */,
				84E63FDDBB63801738F934BD /* Components */,
			);
			name = Shared;
			sourceTree = "<group>";
		};
		84E63FDDBB63801738F934BD /* Components */ = {
			isa = PBXGroup;
			children = (
				415280BA40C80904084CFD18 /* PrimaryButton.swift */,
				330BD721715FAACE354BA709 /* LoadingStateView.swift */,
				85F86AF224BC9C5F8092FA66 /* ErrorStateView.swift */,
				AA04F4BA0B8230EE734B0004 /* BottomActionBar.swift */,
			);
			name = Components;
			sourceTree = "<group>";
		};
		903B241D3144E84CB2F51574 /* Profiles */ = {
			isa = PBXGroup;
			children = (
			);
			name = Profiles;
			sourceTree = "<group>";
		};
		9777CBE52F2E6A9600F52583 = {
			isa = PBXGroup;
			children = (
				9777CBF02F2E6A9600F52583 /* Headlines */,
				9777CC3C2F2EA57700F52583 /* Resources */,
				9777CC3D2F2EA5B000F52583 /* Tests */,
				9777CBEF2F2E6A9600F52583 /* Products */,
				1008DB91DB91DDE7073F539B /* Core */,
				56DD38104ECC7600C32569B4 /* Services */,
				673177C527A5608093931238 /* Features */,
				78904A337E0FF1E20AC03410 /* Shared */,
			);
			sourceTree = "<group>";
		};
		9777CBEF2F2E6A9600F52583 /* Products */ = {
			isa = PBXGroup;
			children = (
				9777CBEE2F2E6A9600F52583 /* Headlines.app */,
				9777CBFE2F2E6A9900F52583 /* HeadlinesTests.xctest */,
				9777CC082F2E6A9900F52583 /* HeadlinesUITests.xctest */,
			);
			name = Products;
			sourceTree = "<group>";
		};
		9777CBF02F2E6A9600F52583 /* Headlines */ = {
			isa = PBXGroup;
			children = (
				9777CC312F2EA0DB00F52583 /* App */,
				9777CC382F2EA33C00F52583 /* Core */,
				9777CC342F2EA1A800F52583 /* Features */,
				9777CC2E2F2E8E4000F52583 /* Models */,
				9777CC492F2F879600F52583 /* Services */,
			);
			path = Headlines;
			sourceTree = "<group>";
		};
		9777CBF72F2E6A9800F52583 /* Preview Content */ = {
			isa = PBXGroup;
			children = (
				9777CBF82F2E6A9800F52583 /* Preview Assets.xcassets */,
			);
			path = "Preview Content";
			sourceTree = "<group>";
		};
		9777CC012F2E6A9900F52583 /* HeadlinesTests */ = {
			isa = PBXGroup;
			children = (
				9777CC022F2E6A9900F52583 /* HeadlinesTests.swift */,
			);
			path = HeadlinesTests;
			sourceTree = "<group>";
		};
		9777CC0B2F2E6A9900F52583 /* HeadlinesUITests */ = {
			isa = PBXGroup;
			children = (
				9777CC0C2F2E6A9900F52583 /* HeadlinesUITests.swift */,
				9777CC0E2F2E6A9900F52583 /* HeadlinesUITestsLaunchTests.swift */,
			);
			path = HeadlinesUITests;
			sourceTree = "<group>";
		};
		9777CC2E2F2E8E4000F52583 /* Models */ = {
			isa = PBXGroup;
			children = (
				9777CC222F2E700C00F52583 /* Feed.swift */,
				9777CC2F2F2E8E5500F52583 /* FeedItem.swift */,
				B9D22606DB2EA11E67736F16 /* Profile.swift */,
				CE95946FB918EF84D276AE81 /* BulletinResult.swift */,
				BB22CC33DD44EE55FF66AA12 /* BulletinManifest.swift */,
				B8C3D2E1F4A5B6071829305C /* VoiceOption.swift */,
				D9E4F5A6B7C8091234567890 /* CategoryLoader.swift */,
			);
			path = Models;
			sourceTree = "<group>";
		};
		9777CC312F2EA0DB00F52583 /* App */ = {
			isa = PBXGroup;
			children = (
				9777CBF12F2E6A9600F52583 /* HeadlinesApp.swift */,
			);
			path = App;
			sourceTree = "<group>";
		};
		9777CC342F2EA1A800F52583 /* Features */ = {
			isa = PBXGroup;
			children = (
				9777CC402F2F7A7F00F52583 /* Playback */,
				9777CC352F2EA1CC00F52583 /* Feeds */,
				C48394EBD678A3520890B968 /* Briefing */,
				903B241D3144E84CB2F51574 /* Profiles */,
			);
			path = Features;
			sourceTree = "<group>";
		};
		9777CC352F2EA1CC00F52583 /* Feeds */ = {
			isa = PBXGroup;
			children = (
				9777CC3E2F2EC18900F52583 /* FeedsViewModel.swift */,
			);
			path = Feeds;
			sourceTree = "<group>";
		};
		9777CC382F2EA33C00F52583 /* Core */ = {
			isa = PBXGroup;
			children = (
				9777CC2C2F2E8D4100F52583 /* AppConfig.swift */,
				9777CC242F2E7BEB00F52583 /* APIClient.swift */,
				AA11BB22CC33DD44EE55FF67 /* BulletinPlayer.swift */,
			);
			path = Core;
			sourceTree = "<group>";
		};
		9777CC3C2F2EA57700F52583 /* Resources */ = {
			isa = PBXGroup;
			children = (
			B931D6025F630EF803EEC38D /* DejaVuSans-Bold.ttf */,
			C1A2B3C4D5E6F70819203141 /* Newsreader.ttf */,
				9777CBF52F2E6A9800F52583 /* Assets.xcassets */,
				9777CBF72F2E6A9800F52583 /* Preview Content */,
			);
			path = Resources;
			sourceTree = "<group>";
		};
		9777CC3D2F2EA5B000F52583 /* Tests */ = {
			isa = PBXGroup;
			children = (
				9777CC0B2F2E6A9900F52583 /* HeadlinesUITests */,
				9777CC012F2E6A9900F52583 /* HeadlinesTests */,
			);
			path = Tests;
			sourceTree = "<group>";
		};
		9777CC402F2F7A7F00F52583 /* Playback */ = {
			isa = PBXGroup;
			children = (
				9777CC432F2F7AB400F52583 /* PlaybackViewModel.swift */,
				9777CC472F2F7C3200F52583 /* PlaybackView.swift */,
			);
			path = Playback;
			sourceTree = "<group>";
		};
		9777CC492F2F879600F52583 /* Services */ = {
			isa = PBXGroup;
			children = (
				9777CC4B2F2F8DE700F52583 /* Audio */,
				9777CC4A2F2F87A100F52583 /* Feeds */,
				44AEE92B22B407F22112386B /* Profiles */,
			);
			path = Services;
			sourceTree = "<group>";
		};
		9777CC4A2F2F87A100F52583 /* Feeds */ = {
			isa = PBXGroup;
			children = (
				9777CC1E2F2E6E1A00F52583 /* FeedsService.swift */,
				9777CC292F2E80B700F52583 /* FeedsServicing.swift */,
				9777CC202F2E6EEC00F52583 /* MockFeedsService.swift */,
				9777CC272F2E7F3600F52583 /* FeedsLatestResponseDTO.swift */,
			);
			path = Feeds;
			sourceTree = "<group>";
		};
		9777CC4B2F2F8DE700F52583 /* Audio */ = {
			isa = PBXGroup;
			children = (
				9777CC4C2F2F8E0400F52583 /* AudioOutputsService.swift */,
			);
			path = Audio;
			sourceTree = "<group>";
		};
		BF78D323B20DFDCFE0B009B0 /* Profiles */ = {
			isa = PBXGroup;
			children = (
				2120BBFBCDA82442B6B99B50 /* ProfileListView.swift */,
			);
			name = Profiles;
			sourceTree = "<group>";
		};
		C48394EBD678A3520890B968 /* Briefing */ = {
			isa = PBXGroup;
			children = (
				A0672F13BA0CE4B03CFAB1D8 /* BriefingViewModel.swift */,
				A2B4C6D8E0F1234567890ABC /* PlayingBarsView.swift */,
				B3C5D7E9F1A2345678902CDE /* MarqueeText.swift */,
			);
			name = Briefing;
			sourceTree = "<group>";
		};
/* End PBXGroup section */

/* Begin PBXNativeTarget section */
		9777CBED2F2E6A9600F52583 /* Headlines */ = {
			isa = PBXNativeTarget;
			buildConfigurationList = 9777CC122F2E6A9900F52583 /* Build configuration list for PBXNativeTarget "Headlines" */;
			buildPhases = (
				9777CBEA2F2E6A9600F52583 /* Sources */,
				9777CBEB2F2E6A9600F52583 /* Frameworks */,
				9777CBEC2F2E6A9600F52583 /* Resources */,
			);
			buildRules = (
			);
			dependencies = (
			);
			name = Headlines;
			productName = Headlines;
			productReference = 9777CBEE2F2E6A9600F52583 /* Headlines.app */;
			productType = "com.apple.product-type.application";
		};
		9777CBFD2F2E6A9900F52583 /* HeadlinesTests */ = {
			isa = PBXNativeTarget;
			buildConfigurationList = 9777CC152F2E6A9900F52583 /* Build configuration list for PBXNativeTarget "HeadlinesTests" */;
			buildPhases = (
				9777CBFA2F2E6A9900F52583 /* Sources */,
				9777CBFB2F2E6A9900F52583 /* Frameworks */,
				9777CBFC2F2E6A9900F52583 /* Resources */,
			);
			buildRules = (
			);
			dependencies = (
				9777CC002F2E6A9900F52583 /* PBXTargetDependency */,
			);
			name = HeadlinesTests;
			productName = HeadlinesTests;
			productReference = 9777CBFE2F2E6A9900F52583 /* HeadlinesTests.xctest */;
			productType = "com.apple.product-type.bundle.unit-test";
		};
		9777CC072F2E6A9900F52583 /* HeadlinesUITests */ = {
			isa = PBXNativeTarget;
			buildConfigurationList = 9777CC182F2E6A9900F52583 /* Build configuration list for PBXNativeTarget "HeadlinesUITests" */;
			buildPhases = (
				9777CC042F2E6A9900F52583 /* Sources */,
				9777CC052F2E6A9900F52583 /* Frameworks */,
				9777CC062F2E6A9900F52583 /* Resources */,
			);
			buildRules = (
			);
			dependencies = (
				9777CC0A2F2E6A9900F52583 /* PBXTargetDependency */,
			);
			name = HeadlinesUITests;
			productName = HeadlinesUITests;
			productReference = 9777CC082F2E6A9900F52583 /* HeadlinesUITests.xctest */;
			productType = "com.apple.product-type.bundle.ui-testing";
		};
/* End PBXNativeTarget section */

/* Begin PBXProject section */
		9777CBE62F2E6A9600F52583 /* Project object */ = {
			isa = PBXProject;
			attributes = {
				BuildIndependentTargetsInParallel = 1;
				LastSwiftUpdateCheck = 1540;
				LastUpgradeCheck = 1540;
				TargetAttributes = {
					9777CBED2F2E6A9600F52583 = {
						CreatedOnToolsVersion = 15.4;
					};
					9777CBFD2F2E6A9900F52583 = {
						CreatedOnToolsVersion = 15.4;
						TestTargetID = 9777CBED2F2E6A9600F52583;
					};
					9777CC072F2E6A9900F52583 = {
						CreatedOnToolsVersion = 15.4;
						TestTargetID = 9777CBED2F2E6A9600F52583;
					};
				};
			};
			buildConfigurationList = 9777CBE92F2E6A9600F52583 /* Build configuration list for PBXProject "Headlines" */;
			compatibilityVersion = "Xcode 14.0";
			developmentRegion = en;
			hasScannedForEncodings = 0;
			knownRegions = (
				en,
				Base,
			);
			mainGroup = 9777CBE52F2E6A9600F52583;
			productRefGroup = 9777CBEF2F2E6A9600F52583 /* Products */;
			projectDirPath = "";
			projectRoot = "";
			targets = (
				9777CBED2F2E6A9600F52583 /* Headlines */,
				9777CBFD2F2E6A9900F52583 /* HeadlinesTests */,
				9777CC072F2E6A9900F52583 /* HeadlinesUITests */,
			);
		};
/* End PBXProject section */

/* Begin PBXResourcesBuildPhase section */
		9777CBEC2F2E6A9600F52583 /* Resources */ = {
			isa = PBXResourcesBuildPhase;
			buildActionMask = 2147483647;
			files = (
				9777CBF92F2E6A9800F52583 /* Preview Assets.xcassets in Resources */,
				9777CBF62F2E6A9800F52583 /* Assets.xcassets in Resources */,
				B173B5A4FEEADBAC3E744F93 /* DejaVuSans-Bold.ttf in Resources */,
				C1A2B3C4D5E6F70819203140 /* Newsreader.ttf in Resources */,
			);
			runOnlyForDeploymentPostprocessing = 0;
		};
		9777CBFC2F2E6A9900F52583 /* Resources */ = {
			isa = PBXResourcesBuildPhase;
			buildActionMask = 2147483647;
			files = (
			);
			runOnlyForDeploymentPostprocessing = 0;
		};
		9777CC062F2E6A9900F52583 /* Resources */ = {
			isa = PBXResourcesBuildPhase;
			buildActionMask = 2147483647;
			files = (
			);
			runOnlyForDeploymentPostprocessing = 0;
		};
/* End PBXResourcesBuildPhase section */

/* Begin PBXSourcesBuildPhase section */
		9777CBEA2F2E6A9600F52583 /* Sources */ = {
			isa = PBXSourcesBuildPhase;
			buildActionMask = 2147483647;
			files = (
				9777CC2D2F2E8D4100F52583 /* AppConfig.swift in Sources */,
				AA11BB22CC33DD44EE55FF66 /* BulletinPlayer.swift in Sources */,
				BB22CC33DD44EE55FF66AA11 /* BulletinManifest.swift in Sources */,
				9777CC442F2F7AB400F52583 /* PlaybackViewModel.swift in Sources */,
				9777CC2A2F2E80B700F52583 /* FeedsServicing.swift in Sources */,
				9777CC232F2E700C00F52583 /* Feed.swift in Sources */,
				9777CC1F2F2E6E1A00F52583 /* FeedsService.swift in Sources */,
				9777CC282F2E7F3600F52583 /* FeedsLatestResponseDTO.swift in Sources */,
				9777CC3F2F2EC18900F52583 /* FeedsViewModel.swift in Sources */,
				9777CC4D2F2F8E0400F52583 /* AudioOutputsService.swift in Sources */,
				9777CC212F2E6EEC00F52583 /* MockFeedsService.swift in Sources */,
				9777CBF22F2E6A9600F52583 /* HeadlinesApp.swift in Sources */,
				9777CC302F2E8E5500F52583 /* FeedItem.swift in Sources */,
				9777CC252F2E7BEB00F52583 /* APIClient.swift in Sources */,
				9777CC482F2F7C3200F52583 /* PlaybackView.swift in Sources */,
				94A454325C62D028C3C91D54 /* Profile.swift in Sources */,
				3F6FEC2E65217568C2ECDC80 /* BulletinResult.swift in Sources */,
				A8B3C1D2E4F5061728394A5B /* VoiceOption.swift in Sources */,
				C9D4E5F6A7B8091234567890 /* CategoryLoader.swift in Sources */,
				E1C42EFE90926D5825C92781 /* ProfileDTO.swift in Sources */,
				C172F315C8977BF73140FB76 /* ProfileServicing.swift in Sources */,
				EFAC78563EFA8F41048D98E3 /* ProfileService.swift in Sources */,
				AE2E715F48E42C369922C648 /* BriefingViewModel.swift in Sources */,
				B2FF84569D170740B31174B5 /* SplitFlapLoadingView.swift in Sources */,
				F37986372975A33AE9DC782A /* BoardFont.swift in Sources */,
				20A26E854E05EEF80D830F4B /* Board.swift in Sources */,
				AA01F4BA0B8230EE734B0001 /* MachinedDisc.swift in Sources */,
				AA03F4BA0B8230EE734B0003 /* BottomActionBar.swift in Sources */,
				AA05F4BA0B8230EE734B0005 /* LightFilterTree.swift in Sources */,
				AA07F4BA0B8230EE734B0007 /* FiltersScreen.swift in Sources */,
				E2156BEA44786FE09A635CD3 /* HomeView.swift in Sources */,
				C1A2B3C4D5E6F70819203150 /* NowPlayingView.swift in Sources */,
				C1A2B3C4D5E6F70819203160 /* HomeContainerView.swift in Sources */,
				A1B2C3D4E5F60718293A4B01 /* TopicNode.swift in Sources */,
				A1B2C3D4E5F60718293A4B02 /* TopicSeed.swift in Sources */,
				A1B2C3D4E5F60718293A4B03 /* FilterTreeView.swift in Sources */,
				A1B2C3D4E5F60718293A4B04 /* CreateProfileView.swift in Sources */,
				A1B2C3D4E5F60718293A4B05 /* BuildBriefingView.swift in Sources */,
				A1B2C3D4E5F60718293A4B06 /* TimeOfDay.swift in Sources */,
				B1C3D5E7F9A2340678B12345 /* PlayingBarsView.swift in Sources */,
				C2D4E6F8A0B2345678901BCD /* MarqueeText.swift in Sources */,
				D664AA2EC9C9708CFA34072E /* AudioPlayer.swift in Sources */,
				EBE4299527AD34AA5009B80B /* BulletinService.swift in Sources */,
				7F667102413085BEE81B496E /* ProfileListView.swift in Sources */,
				777920B5912DC74BFF767241 /* PlayerView.swift in Sources */,
				4234248EDFE0F21ED601ED32 /* BriefingLoadingView.swift in Sources */,
				1BFA809CC44BE463C8EE015E /* BriefingErrorView.swift in Sources */,
				ED8BD73EEDBFF5A80F34328D /* SettingsView.swift in Sources */,
				8A1F80F61D9C0534298CC348 /* PrimaryButton.swift in Sources */,
				59739BCE2FC3AE59CA035A2B /* LoadingStateView.swift in Sources */,
				0D4AA428EA8534427E47E0A4 /* ErrorStateView.swift in Sources */,
			);
			runOnlyForDeploymentPostprocessing = 0;
		};
		9777CBFA2F2E6A9900F52583 /* Sources */ = {
			isa = PBXSourcesBuildPhase;
			buildActionMask = 2147483647;
			files = (
				9777CC032F2E6A9900F52583 /* HeadlinesTests.swift in Sources */,
			);
			runOnlyForDeploymentPostprocessing = 0;
		};
		9777CC042F2E6A9900F52583 /* Sources */ = {
			isa = PBXSourcesBuildPhase;
			buildActionMask = 2147483647;
			files = (
				9777CC0F2F2E6A9900F52583 /* HeadlinesUITestsLaunchTests.swift in Sources */,
				9777CC0D2F2E6A9900F52583 /* HeadlinesUITests.swift in Sources */,
			);
			runOnlyForDeploymentPostprocessing = 0;
		};
/* End PBXSourcesBuildPhase section */

/* Begin PBXTargetDependency section */
		9777CC002F2E6A9900F52583 /* PBXTargetDependency */ = {
			isa = PBXTargetDependency;
			target = 9777CBED2F2E6A9600F52583 /* Headlines */;
			targetProxy = 9777CBFF2F2E6A9900F52583 /* PBXContainerItemProxy */;
		};
		9777CC0A2F2E6A9900F52583 /* PBXTargetDependency */ = {
			isa = PBXTargetDependency;
			target = 9777CBED2F2E6A9600F52583 /* Headlines */;
			targetProxy = 9777CC092F2E6A9900F52583 /* PBXContainerItemProxy */;
		};
/* End PBXTargetDependency section */

/* Begin XCBuildConfiguration section */
		9777CC102F2E6A9900F52583 /* Debug */ = {
			isa = XCBuildConfiguration;
			buildSettings = {
				ALWAYS_SEARCH_USER_PATHS = NO;
				API_BASE_URL = "";
				ASSETCATALOG_COMPILER_GENERATE_SWIFT_ASSET_SYMBOL_EXTENSIONS = YES;
				CLANG_ANALYZER_NONNULL = YES;
				CLANG_ANALYZER_NUMBER_OBJECT_CONVERSION = YES_AGGRESSIVE;
				CLANG_CXX_LANGUAGE_STANDARD = "gnu++20";
				CLANG_ENABLE_MODULES = YES;
				CLANG_ENABLE_OBJC_ARC = YES;
				CLANG_ENABLE_OBJC_WEAK = YES;
				CLANG_WARN_BLOCK_CAPTURE_AUTORELEASING = YES;
				CLANG_WARN_BOOL_CONVERSION = YES;
				CLANG_WARN_COMMA = YES;
				CLANG_WARN_CONSTANT_CONVERSION = YES;
				CLANG_WARN_DEPRECATED_OBJC_IMPLEMENTATIONS = YES;
				CLANG_WARN_DIRECT_OBJC_ISA_USAGE = YES_ERROR;
				CLANG_WARN_DOCUMENTATION_COMMENTS = YES;
				CLANG_WARN_EMPTY_BODY = YES;
				CLANG_WARN_ENUM_CONVERSION = YES;
				CLANG_WARN_INFINITE_RECURSION = YES;
				CLANG_WARN_INT_CONVERSION = YES;
				CLANG_WARN_NON_LITERAL_NULL_CONVERSION = YES;
				CLANG_WARN_OBJC_IMPLICIT_RETAIN_SELF = YES;
				CLANG_WARN_OBJC_LITERAL_CONVERSION = YES;
				CLANG_WARN_OBJC_ROOT_CLASS = YES_ERROR;
				CLANG_WARN_QUOTED_INCLUDE_IN_FRAMEWORK_HEADER = YES;
				CLANG_WARN_RANGE_LOOP_ANALYSIS = YES;
				CLANG_WARN_STRICT_PROTOTYPES = YES;
				CLANG_WARN_SUSPICIOUS_MOVE = YES;
				CLANG_WARN_UNGUARDED_AVAILABILITY = YES_AGGRESSIVE;
				CLANG_WARN_UNREACHABLE_CODE = YES;
				CLANG_WARN__DUPLICATE_METHOD_MATCH = YES;
				COPY_PHASE_STRIP = NO;
				DEBUG_INFORMATION_FORMAT = dwarf;
				ENABLE_STRICT_OBJC_MSGSEND = YES;
				ENABLE_TESTABILITY = YES;
				ENABLE_USER_SCRIPT_SANDBOXING = YES;
				GCC_C_LANGUAGE_STANDARD = gnu17;
				GCC_DYNAMIC_NO_PIC = NO;
				GCC_NO_COMMON_BLOCKS = YES;
				GCC_OPTIMIZATION_LEVEL = 0;
				GCC_PREPROCESSOR_DEFINITIONS = (
					"DEBUG=1",
					"$(inherited)",
				);
				GCC_WARN_64_TO_32_BIT_CONVERSION = YES;
				GCC_WARN_ABOUT_RETURN_TYPE = YES_ERROR;
				GCC_WARN_UNDECLARED_SELECTOR = YES;
				GCC_WARN_UNINITIALIZED_AUTOS = YES_AGGRESSIVE;
				GCC_WARN_UNUSED_FUNCTION = YES;
				GCC_WARN_UNUSED_VARIABLE = YES;
				IPHONEOS_DEPLOYMENT_TARGET = 17.5;
				LOCALIZATION_PREFERS_STRING_CATALOGS = YES;
				MTL_ENABLE_DEBUG_INFO = INCLUDE_SOURCE;
				MTL_FAST_MATH = YES;
				ONLY_ACTIVE_ARCH = YES;
				SDKROOT = iphoneos;
				SWIFT_ACTIVE_COMPILATION_CONDITIONS = "DEBUG $(inherited)";
				SWIFT_OPTIMIZATION_LEVEL = "-Onone";
			};
			name = Debug;
		};
		9777CC112F2E6A9900F52583 /* Release */ = {
			isa = XCBuildConfiguration;
			buildSettings = {
				ALWAYS_SEARCH_USER_PATHS = NO;
				API_BASE_URL = "https://headlines-production-5566.up.railway.app";
				ASSETCATALOG_COMPILER_GENERATE_SWIFT_ASSET_SYMBOL_EXTENSIONS = YES;
				CLANG_ANALYZER_NONNULL = YES;
				CLANG_ANALYZER_NUMBER_OBJECT_CONVERSION = YES_AGGRESSIVE;
				CLANG_CXX_LANGUAGE_STANDARD = "gnu++20";
				CLANG_ENABLE_MODULES = YES;
				CLANG_ENABLE_OBJC_ARC = YES;
				CLANG_ENABLE_OBJC_WEAK = YES;
				CLANG_WARN_BLOCK_CAPTURE_AUTORELEASING = YES;
				CLANG_WARN_BOOL_CONVERSION = YES;
				CLANG_WARN_COMMA = YES;
				CLANG_WARN_CONSTANT_CONVERSION = YES;
				CLANG_WARN_DEPRECATED_OBJC_IMPLEMENTATIONS = YES;
				CLANG_WARN_DIRECT_OBJC_ISA_USAGE = YES_ERROR;
				CLANG_WARN_DOCUMENTATION_COMMENTS = YES;
				CLANG_WARN_EMPTY_BODY = YES;
				CLANG_WARN_ENUM_CONVERSION = YES;
				CLANG_WARN_INFINITE_RECURSION = YES;
				CLANG_WARN_INT_CONVERSION = YES;
				CLANG_WARN_NON_LITERAL_NULL_CONVERSION = YES;
				CLANG_WARN_OBJC_IMPLICIT_RETAIN_SELF = YES;
				CLANG_WARN_OBJC_LITERAL_CONVERSION = YES;
				CLANG_WARN_OBJC_ROOT_CLASS = YES_ERROR;
				CLANG_WARN_QUOTED_INCLUDE_IN_FRAMEWORK_HEADER = YES;
				CLANG_WARN_RANGE_LOOP_ANALYSIS = YES;
				CLANG_WARN_STRICT_PROTOTYPES = YES;
				CLANG_WARN_SUSPICIOUS_MOVE = YES;
				CLANG_WARN_UNGUARDED_AVAILABILITY = YES_AGGRESSIVE;
				CLANG_WARN_UNREACHABLE_CODE = YES;
				CLANG_WARN__DUPLICATE_METHOD_MATCH = YES;
				COPY_PHASE_STRIP = NO;
				DEBUG_INFORMATION_FORMAT = "dwarf-with-dsym";
				ENABLE_NS_ASSERTIONS = NO;
				ENABLE_STRICT_OBJC_MSGSEND = YES;
				ENABLE_USER_SCRIPT_SANDBOXING = YES;
				GCC_C_LANGUAGE_STANDARD = gnu17;
				GCC_NO_COMMON_BLOCKS = YES;
				GCC_WARN_64_TO_32_BIT_CONVERSION = YES;
				GCC_WARN_ABOUT_RETURN_TYPE = YES_ERROR;
				GCC_WARN_UNDECLARED_SELECTOR = YES;
				GCC_WARN_UNINITIALIZED_AUTOS = YES_AGGRESSIVE;
				GCC_WARN_UNUSED_FUNCTION = YES;
				GCC_WARN_UNUSED_VARIABLE = YES;
				IPHONEOS_DEPLOYMENT_TARGET = 17.5;
				LOCALIZATION_PREFERS_STRING_CATALOGS = YES;
				MTL_ENABLE_DEBUG_INFO = NO;
				MTL_FAST_MATH = YES;
				SDKROOT = iphoneos;
				SWIFT_COMPILATION_MODE = wholemodule;
				VALIDATE_PRODUCT = YES;
			};
			name = Release;
		};
		9777CC132F2E6A9900F52583 /* Debug */ = {
			isa = XCBuildConfiguration;
			buildSettings = {
				ASSETCATALOG_COMPILER_APPICON_NAME = AppIcon;
				ASSETCATALOG_COMPILER_GLOBAL_ACCENT_COLOR_NAME = AccentColor;
				CODE_SIGN_STYLE = Automatic;
				CURRENT_PROJECT_VERSION = 1;
				DEVELOPMENT_ASSET_PATHS = "\"Resources/Preview Content\"";
				DEVELOPMENT_TEAM = U8BQ2J7J67;
				ENABLE_PREVIEWS = YES;
				GENERATE_INFOPLIST_FILE = NO;
				INFOPLIST_FILE = "Headlines/Info.plist";
				LD_RUNPATH_SEARCH_PATHS = (
					"$(inherited)",
					"@executable_path/Frameworks",
				);
				MARKETING_VERSION = 1.0;
				PRODUCT_BUNDLE_IDENTIFIER = com.paulbroome.headlines;
				PRODUCT_NAME = "$(TARGET_NAME)";
				SWIFT_EMIT_LOC_STRINGS = YES;
				SWIFT_VERSION = 5.0;
				TARGETED_DEVICE_FAMILY = "1,2";
			};
			name = Debug;
		};
		9777CC142F2E6A9900F52583 /* Release */ = {
			isa = XCBuildConfiguration;
			buildSettings = {
				ASSETCATALOG_COMPILER_APPICON_NAME = AppIcon;
				ASSETCATALOG_COMPILER_GLOBAL_ACCENT_COLOR_NAME = AccentColor;
				CODE_SIGN_STYLE = Automatic;
				CURRENT_PROJECT_VERSION = 1;
				DEVELOPMENT_ASSET_PATHS = "\"Resources/Preview Content\"";
				DEVELOPMENT_TEAM = U8BQ2J7J67;
				ENABLE_PREVIEWS = YES;
				GENERATE_INFOPLIST_FILE = NO;
				INFOPLIST_FILE = "Headlines/Info.plist";
				LD_RUNPATH_SEARCH_PATHS = (
					"$(inherited)",
					"@executable_path/Frameworks",
				);
				MARKETING_VERSION = 1.0;
				PRODUCT_BUNDLE_IDENTIFIER = com.paulbroome.headlines;
				PRODUCT_NAME = "$(TARGET_NAME)";
				SWIFT_EMIT_LOC_STRINGS = YES;
				SWIFT_VERSION = 5.0;
				TARGETED_DEVICE_FAMILY = "1,2";
			};
			name = Release;
		};
		9777CC162F2E6A9900F52583 /* Debug */ = {
			isa = XCBuildConfiguration;
			buildSettings = {
				ALWAYS_EMBED_SWIFT_STANDARD_LIBRARIES = YES;
				BUNDLE_LOADER = "$(TEST_HOST)";
				CODE_SIGN_STYLE = Automatic;
				CURRENT_PROJECT_VERSION = 1;
				GENERATE_INFOPLIST_FILE = YES;
				IPHONEOS_DEPLOYMENT_TARGET = 17.5;
				MARKETING_VERSION = 1.0;
				PRODUCT_BUNDLE_IDENTIFIER = com.headlines.HeadlinesTests;
				PRODUCT_NAME = "$(TARGET_NAME)";
				SWIFT_EMIT_LOC_STRINGS = NO;
				SWIFT_VERSION = 5.0;
				TARGETED_DEVICE_FAMILY = "1,2";
				TEST_HOST = "$(BUILT_PRODUCTS_DIR)/Headlines.app/$(BUNDLE_EXECUTABLE_FOLDER_PATH)/Headlines";
			};
			name = Debug;
		};
		9777CC172F2E6A9900F52583 /* Release */ = {
			isa = XCBuildConfiguration;
			buildSettings = {
				ALWAYS_EMBED_SWIFT_STANDARD_LIBRARIES = YES;
				BUNDLE_LOADER = "$(TEST_HOST)";
				CODE_SIGN_STYLE = Automatic;
				CURRENT_PROJECT_VERSION = 1;
				GENERATE_INFOPLIST_FILE = YES;
				IPHONEOS_DEPLOYMENT_TARGET = 17.5;
				MARKETING_VERSION = 1.0;
				PRODUCT_BUNDLE_IDENTIFIER = com.headlines.HeadlinesTests;
				PRODUCT_NAME = "$(TARGET_NAME)";
				SWIFT_EMIT_LOC_STRINGS = NO;
				SWIFT_VERSION = 5.0;
				TARGETED_DEVICE_FAMILY = "1,2";
				TEST_HOST = "$(BUILT_PRODUCTS_DIR)/Headlines.app/$(BUNDLE_EXECUTABLE_FOLDER_PATH)/Headlines";
			};
			name = Release;
		};
		9777CC192F2E6A9900F52583 /* Debug */ = {
			isa = XCBuildConfiguration;
			buildSettings = {
				ALWAYS_EMBED_SWIFT_STANDARD_LIBRARIES = YES;
				CODE_SIGN_STYLE = Automatic;
				CURRENT_PROJECT_VERSION = 1;
				GENERATE_INFOPLIST_FILE = YES;
				MARKETING_VERSION = 1.0;
				PRODUCT_BUNDLE_IDENTIFIER = com.headlines.HeadlinesUITests;
				PRODUCT_NAME = "$(TARGET_NAME)";
				SWIFT_EMIT_LOC_STRINGS = NO;
				SWIFT_VERSION = 5.0;
				TARGETED_DEVICE_FAMILY = "1,2";
				TEST_TARGET_NAME = Headlines;
			};
			name = Debug;
		};
		9777CC1A2F2E6A9900F52583 /* Release */ = {
			isa = XCBuildConfiguration;
			buildSettings = {
				ALWAYS_EMBED_SWIFT_STANDARD_LIBRARIES = YES;
				CODE_SIGN_STYLE = Automatic;
				CURRENT_PROJECT_VERSION = 1;
				GENERATE_INFOPLIST_FILE = YES;
				MARKETING_VERSION = 1.0;
				PRODUCT_BUNDLE_IDENTIFIER = com.headlines.HeadlinesUITests;
				PRODUCT_NAME = "$(TARGET_NAME)";
				SWIFT_EMIT_LOC_STRINGS = NO;
				SWIFT_VERSION = 5.0;
				TARGETED_DEVICE_FAMILY = "1,2";
				TEST_TARGET_NAME = Headlines;
			};
			name = Release;
		};
/* End XCBuildConfiguration section */

/* Begin XCConfigurationList section */
		9777CBE92F2E6A9600F52583 /* Build configuration list for PBXProject "Headlines" */ = {
			isa = XCConfigurationList;
			buildConfigurations = (
				9777CC102F2E6A9900F52583 /* Debug */,
				9777CC112F2E6A9900F52583 /* Release */,
			);
			defaultConfigurationIsVisible = 0;
			defaultConfigurationName = Release;
		};
		9777CC122F2E6A9900F52583 /* Build configuration list for PBXNativeTarget "Headlines" */ = {
			isa = XCConfigurationList;
			buildConfigurations = (
				9777CC132F2E6A9900F52583 /* Debug */,
				9777CC142F2E6A9900F52583 /* Release */,
			);
			defaultConfigurationIsVisible = 0;
			defaultConfigurationName = Release;
		};
		9777CC152F2E6A9900F52583 /* Build configuration list for PBXNativeTarget "HeadlinesTests" */ = {
			isa = XCConfigurationList;
			buildConfigurations = (
				9777CC162F2E6A9900F52583 /* Debug */,
				9777CC172F2E6A9900F52583 /* Release */,
			);
			defaultConfigurationIsVisible = 0;
			defaultConfigurationName = Release;
		};
		9777CC182F2E6A9900F52583 /* Build configuration list for PBXNativeTarget "HeadlinesUITests" */ = {
			isa = XCConfigurationList;
			buildConfigurations = (
				9777CC192F2E6A9900F52583 /* Debug */,
				9777CC1A2F2E6A9900F52583 /* Release */,
			);
			defaultConfigurationIsVisible = 0;
			defaultConfigurationName = Release;
		};
/* End XCConfigurationList section */
	};
	rootObject = 9777CBE62F2E6A9600F52583 /* Project object */;
}
